
Microsoft Visual Studio Solution File, Format Version 12.00
# Visual Studio Version 17
VisualStudioVersion = 17.0.31903.59
MinimumVisualStudioVersion = 10.0.40219.1
Project("{FAE04EC0-301F-11D3-BF4B-00C04F79EFBC}") = "AplicativoNotas", "AplicativoNotas\AplicativoNotas.csproj", "{63D5A753-8745-47BD-8331-E90ACAF109FF}"
EndProject
Project("{FAE04EC0-301F-11D3-BF4B-00C04F79EFBC}") = "Aula3", "Aula3\Aula3.csproj", "{301CC2B7-70FC-4DEE-83CC-2181AB0A8F7B}"
EndProject
Global
	GlobalSection(SolutionConfigurationPlatforms) = preSolution
		Debug|Any CPU = Debug|Any CPU
		Release|Any CPU = Release|Any CPU
	EndGlobalSection
	GlobalSection(SolutionProperties) = preSolution
		HideSolutionNode = FALSE
	EndGlobalSection
	GlobalSection(ProjectConfigurationPlatforms) = postSolution
		{63D5A753-8745-47BD-8331-E90ACAF109FF}.Debug|Any CPU.ActiveCfg = Debug|Any CPU
		{63D5A753-8745-47BD-8331-E90ACAF109FF}.Debug|Any CPU.Build.0 = Debug|Any CPU
		{63D5A753-8745-47BD-8331-E90ACAF109FF}.Release|Any CPU.ActiveCfg = Release|Any CPU
		{63D5A753-8745-47BD-8331-E90ACAF109FF}.Release|Any CPU.Build.0 = Release|Any CPU
		{301CC2B7-70FC-4DEE-83CC-2181AB0A8F7B}.Debug|Any CPU.ActiveCfg = Debug|Any CPU
		{301CC2B7-70FC-4DEE-83CC-2181AB0A8F7B}.Debug|Any CPU.Build.0 = Debug|Any CPU
		{301CC2B7-70FC-4DEE-83CC-2181AB0A8F7B}.Release|Any CPU.ActiveCfg = Release|Any CPU
		{301CC2B7-70FC-4DEE-83CC-2181AB0A8F7B}.Release|Any CPU.Build.0 = Release|Any CPU
	EndGlobalSection
EndGlobal
